
Microsoft Visual Studio Solution File, Format Version 12.00
# Visual Studio 15
VisualStudioVersion = 15.0.26020.0
MinimumVisualStudioVersion = 10.0.40219.1
Project("{FAE04EC0-301F-11D3-BF4B-00C04F79EFBC}") = "GameServerConsole", "GameServerConsole\GameServerConsole.csproj", "{9CE7FFAA-C3AE-4688-930E-3C71A0CC2F7E}"
EndProject
Project("{FAE04EC0-301F-11D3-BF4B-00C04F79EFBC}") = "GameServerConsoleTests", "GameServerConsoleTests\GameServerConsoleTests.csproj", "{77FE4FF5-3B1C-42A5-B56F-4CAD91013410}"
EndProject
Project("{FAE04EC0-301F-11D3-BF4B-00C04F79EFBC}") = "GameServerLib", "GameServerLib\GameServerLib.csproj", "{CB004023-B938-4EC6-B036-29EE2F55CFA4}"
EndProject
Project("{FAE04EC0-301F-11D3-BF4B-00C04F79EFBC}") = "GameServerLibTests", "GameServerLibTests\GameServerLibTests.csproj", "{56E885A9-FC37-4ABB-B9CC-822DAC13CC67}"
EndProject
Project("{FAE04EC0-301F-11D3-BF4B-00C04F79EFBC}") = "LeagueSandbox-Default", "Content\LeagueSandbox-Default\LeagueSandbox-Default.csproj", "{9C11EF83-17F6-446B-95D4-F60568A9F486}"
EndProject
Project("{2150E333-8FDC-42A3-9474-1A3956D46DE8}") = "Packets", "Packets", "{2576843A-B620-4B3A-8272-E3DCBBB17AD5}"
EndProject
Project("{FAE04EC0-301F-11D3-BF4B-00C04F79EFBC}") = "PacketDefinitions420", "PacketDefinitions420\PacketDefinitions420.csproj", "{0B60B297-306B-4317-866A-6DD70A113074}"
EndProject
Project("{FAE04EC0-301F-11D3-BF4B-00C04F79EFBC}") = "GameServerCore", "GameServerCore\GameServerCore.csproj", "{DA3DE633-D75B-40B0-8833-099ABFBF43A2}"
EndProject
Project("{FAE04EC0-301F-11D3-BF4B-00C04F79EFBC}") = "GameMaths", "GameMaths\GameMaths.csproj", "{12F14E81-7609-43D9-9477-83A0D3DE4BBC}"
EndProject
Project("{FAE04EC0-301F-11D3-BF4B-00C04F79EFBC}") = "PacketDefinitionsTests", "PacketDefinitionsTests\PacketDefinitionsTests.csproj", "{B00A2AE5-A32A-477F-9159-E4E83C2A77E1}"
EndProject
Global
	GlobalSection(SolutionConfigurationPlatforms) = preSolution
		Debug|Any CPU = Debug|Any CPU
		Release|Any CPU = Release|Any CPU
	EndGlobalSection
	GlobalSection(ProjectConfigurationPlatforms) = postSolution
		{9CE7FFAA-C3AE-4688-930E-3C71A0CC2F7E}.Debug|Any CPU.ActiveCfg = Debug|Any CPU
		{9CE7FFAA-C3AE-4688-930E-3C71A0CC2F7E}.Debug|Any CPU.Build.0 = Debug|Any CPU
		{9CE7FFAA-C3AE-4688-930E-3C71A0CC2F7E}.Release|Any CPU.ActiveCfg = Release|Any CPU
		{9CE7FFAA-C3AE-4688-930E-3C71A0CC2F7E}.Release|Any CPU.Build.0 = Release|Any CPU
		{77FE4FF5-3B1C-42A5-B56F-4CAD91013410}.Debug|Any CPU.ActiveCfg = Debug|Any CPU
		{77FE4FF5-3B1C-42A5-B56F-4CAD91013410}.Debug|Any CPU.Build.0 = Debug|Any CPU
		{77FE4FF5-3B1C-42A5-B56F-4CAD91013410}.Release|Any CPU.ActiveCfg = Release|Any CPU
		{77FE4FF5-3B1C-42A5-B56F-4CAD91013410}.Release|Any CPU.Build.0 = Release|Any CPU
		{CB004023-B938-4EC6-B036-29EE2F55CFA4}.Debug|Any CPU.ActiveCfg = Debug|Any CPU
		{CB004023-B938-4EC6-B036-29EE2F55CFA4}.Debug|Any CPU.Build.0 = Debug|Any CPU
		{CB004023-B938-4EC6-B036-29EE2F55CFA4}.Release|Any CPU.ActiveCfg = Release|Any CPU
		{CB004023-B938-4EC6-B036-29EE2F55CFA4}.Release|Any CPU.Build.0 = Release|Any CPU
		{56E885A9-FC37-4ABB-B9CC-822DAC13CC67}.Debug|Any CPU.ActiveCfg = Debug|Any CPU
		{56E885A9-FC37-4ABB-B9CC-822DAC13CC67}.Debug|Any CPU.Build.0 = Debug|Any CPU
		{56E885A9-FC37-4ABB-B9CC-822DAC13CC67}.Release|Any CPU.ActiveCfg = Release|Any CPU
		{56E885A9-FC37-4ABB-B9CC-822DAC13CC67}.Release|Any CPU.Build.0 = Release|Any CPU
		{9C11EF83-17F6-446B-95D4-F60568A9F486}.Debug|Any CPU.ActiveCfg = Debug|Any CPU
		{9C11EF83-17F6-446B-95D4-F60568A9F486}.Release|Any CPU.ActiveCfg = Release|Any CPU
		{9C11EF83-17F6-446B-95D4-F60568A9F486}.Release|Any CPU.Build.0 = Release|Any CPU
		{0B60B297-306B-4317-866A-6DD70A113074}.Debug|Any CPU.ActiveCfg = Debug|Any CPU
		{0B60B297-306B-4317-866A-6DD70A113074}.Debug|Any CPU.Build.0 = Debug|Any CPU
		{0B60B297-306B-4317-866A-6DD70A113074}.Release|Any CPU.ActiveCfg = Release|Any CPU
		{0B60B297-306B-4317-866A-6DD70A113074}.Release|Any CPU.Build.0 = Release|Any CPU
		{DA3DE633-D75B-40B0-8833-099ABFBF43A2}.Debug|Any CPU.ActiveCfg = Debug|Any CPU
		{DA3DE633-D75B-40B0-8833-099ABFBF43A2}.Debug|Any CPU.Build.0 = Debug|Any CPU
		{DA3DE633-D75B-40B0-8833-099ABFBF43A2}.Release|Any CPU.ActiveCfg = Release|Any CPU
		{DA3DE633-D75B-40B0-8833-099ABFBF43A2}.Release|Any CPU.Build.0 = Release|Any CPU
		{12F14E81-7609-43D9-9477-83A0D3DE4BBC}.Debug|Any CPU.ActiveCfg = Debug|Any CPU
		{12F14E81-7609-43D9-9477-83A0D3DE4BBC}.Debug|Any CPU.Build.0 = Debug|Any CPU
		{12F14E81-7609-43D9-9477-83A0D3DE4BBC}.Release|Any CPU.ActiveCfg = Release|Any CPU
		{12F14E81-7609-43D9-9477-83A0D3DE4BBC}.Release|Any CPU.Build.0 = Release|Any CPU
		{B00A2AE5-A32A-477F-9159-E4E83C2A77E1}.Debug|Any CPU.ActiveCfg = Debug|Any CPU
		{B00A2AE5-A32A-477F-9159-E4E83C2A77E1}.Debug|Any CPU.Build.0 = Debug|Any CPU
		{B00A2AE5-A32A-477F-9159-E4E83C2A77E1}.Release|Any CPU.ActiveCfg = Release|Any CPU
		{B00A2AE5-A32A-477F-9159-E4E83C2A77E1}.Release|Any CPU.Build.0 = Release|Any CPU
	EndGlobalSection
	GlobalSection(SolutionProperties) = preSolution
		HideSolutionNode = FALSE
	EndGlobalSection
	GlobalSection(NestedProjects) = preSolution
		{0B60B297-306B-4317-866A-6DD70A113074} = {2576843A-B620-4B3A-8272-E3DCBBB17AD5}
		{B00A2AE5-A32A-477F-9159-E4E83C2A77E1} = {2576843A-B620-4B3A-8272-E3DCBBB17AD5}
	EndGlobalSection
	GlobalSection(ExtensibilityGlobals) = postSolution
		SolutionGuid = {71A77B24-C1A3-4F0A-8449-A61B947C3130}
	EndGlobalSection
EndGlobal
