
Microsoft Visual Studio Solution File, Format Version 12.00
# Visual Studio 14
VisualStudioVersion = 14.0.25123.0
MinimumVisualStudioVersion = 10.0.40219.1
Project("{FAE04EC0-301F-11D3-BF4B-00C04F79EFBC}") = "GameServerLib", "GameServerLib\GameServerLib.csproj", "{CB004023-B938-4EC6-B036-29EE2F55CFA4}"
EndProject
Project("{FAE04EC0-301F-11D3-BF4B-00C04F79EFBC}") = "ENetCS", "ENetCS\ENetCS.csproj", "{D3AFF7FA-96F6-42B8-B03C-E508DC80EC3A}"
EndProject
Project("{FAE04EC0-301F-11D3-BF4B-00C04F79EFBC}") = "GameServerLibTests", "GameServerLibTests\GameServerLibTests.csproj", "{56E885A9-FC37-4ABB-B9CC-822DAC13CC67}"
EndProject
Project("{FAE04EC0-301F-11D3-BF4B-00C04F79EFBC}") = "GameServerApp", "GameServerApp\GameServerApp.csproj", "{9CE7FFAA-C3AE-4688-930E-3C71A0CC2F7E}"
EndProject
Project("{FAE04EC0-301F-11D3-BF4B-00C04F79EFBC}") = "GameServerAppTests", "GameServerAppTests\GameServerAppTests.csproj", "{77FE4FF5-3B1C-42A5-B56F-4CAD91013410}"
EndProject
Global
	GlobalSection(SolutionConfigurationPlatforms) = preSolution
		Debug|Any CPU = Debug|Any CPU
		Debug|x64 = Debug|x64
		DebugKopiLua|Any CPU = DebugKopiLua|Any CPU
		DebugKopiLua|x64 = DebugKopiLua|x64
		Release|Any CPU = Release|Any CPU
		Release|x64 = Release|x64
		ReleaseKopiLua|Any CPU = ReleaseKopiLua|Any CPU
		ReleaseKopiLua|x64 = ReleaseKopiLua|x64
	EndGlobalSection
	GlobalSection(ProjectConfigurationPlatforms) = postSolution
		{CB004023-B938-4EC6-B036-29EE2F55CFA4}.Debug|Any CPU.ActiveCfg = Debug|Any CPU
		{CB004023-B938-4EC6-B036-29EE2F55CFA4}.Debug|Any CPU.Build.0 = Debug|Any CPU
		{CB004023-B938-4EC6-B036-29EE2F55CFA4}.Debug|x64.ActiveCfg = Debug|x64
		{CB004023-B938-4EC6-B036-29EE2F55CFA4}.Debug|x64.Build.0 = Debug|x64
		{CB004023-B938-4EC6-B036-29EE2F55CFA4}.DebugKopiLua|Any CPU.ActiveCfg = Release|x64
		{CB004023-B938-4EC6-B036-29EE2F55CFA4}.DebugKopiLua|Any CPU.Build.0 = Release|x64
		{CB004023-B938-4EC6-B036-29EE2F55CFA4}.DebugKopiLua|x64.ActiveCfg = Debug|x64
		{CB004023-B938-4EC6-B036-29EE2F55CFA4}.DebugKopiLua|x64.Build.0 = Debug|x64
		{CB004023-B938-4EC6-B036-29EE2F55CFA4}.Release|Any CPU.ActiveCfg = Release|x64
		{CB004023-B938-4EC6-B036-29EE2F55CFA4}.Release|x64.ActiveCfg = Release|x64
		{CB004023-B938-4EC6-B036-29EE2F55CFA4}.Release|x64.Build.0 = Release|x64
		{CB004023-B938-4EC6-B036-29EE2F55CFA4}.ReleaseKopiLua|Any CPU.ActiveCfg = Release|x64
		{CB004023-B938-4EC6-B036-29EE2F55CFA4}.ReleaseKopiLua|Any CPU.Build.0 = Release|x64
		{CB004023-B938-4EC6-B036-29EE2F55CFA4}.ReleaseKopiLua|x64.ActiveCfg = Release|x64
		{CB004023-B938-4EC6-B036-29EE2F55CFA4}.ReleaseKopiLua|x64.Build.0 = Release|x64
		{D3AFF7FA-96F6-42B8-B03C-E508DC80EC3A}.Debug|Any CPU.ActiveCfg = Debug|Any CPU
		{D3AFF7FA-96F6-42B8-B03C-E508DC80EC3A}.Debug|Any CPU.Build.0 = Debug|Any CPU
		{D3AFF7FA-96F6-42B8-B03C-E508DC80EC3A}.Debug|x64.ActiveCfg = Debug|x64
		{D3AFF7FA-96F6-42B8-B03C-E508DC80EC3A}.Debug|x64.Build.0 = Debug|x64
		{D3AFF7FA-96F6-42B8-B03C-E508DC80EC3A}.DebugKopiLua|Any CPU.ActiveCfg = Release|x64
		{D3AFF7FA-96F6-42B8-B03C-E508DC80EC3A}.DebugKopiLua|Any CPU.Build.0 = Release|x64
		{D3AFF7FA-96F6-42B8-B03C-E508DC80EC3A}.DebugKopiLua|x64.ActiveCfg = Debug|x64
		{D3AFF7FA-96F6-42B8-B03C-E508DC80EC3A}.DebugKopiLua|x64.Build.0 = Debug|x64
		{D3AFF7FA-96F6-42B8-B03C-E508DC80EC3A}.Release|Any CPU.ActiveCfg = Release|x64
		{D3AFF7FA-96F6-42B8-B03C-E508DC80EC3A}.Release|x64.ActiveCfg = Release|x64
		{D3AFF7FA-96F6-42B8-B03C-E508DC80EC3A}.Release|x64.Build.0 = Release|x64
		{D3AFF7FA-96F6-42B8-B03C-E508DC80EC3A}.ReleaseKopiLua|Any CPU.ActiveCfg = Release|x64
		{D3AFF7FA-96F6-42B8-B03C-E508DC80EC3A}.ReleaseKopiLua|Any CPU.Build.0 = Release|x64
		{D3AFF7FA-96F6-42B8-B03C-E508DC80EC3A}.ReleaseKopiLua|x64.ActiveCfg = Release|x64
		{D3AFF7FA-96F6-42B8-B03C-E508DC80EC3A}.ReleaseKopiLua|x64.Build.0 = Release|x64
		{56E885A9-FC37-4ABB-B9CC-822DAC13CC67}.Debug|Any CPU.ActiveCfg = Debug|Any CPU
		{56E885A9-FC37-4ABB-B9CC-822DAC13CC67}.Debug|Any CPU.Build.0 = Debug|Any CPU
		{56E885A9-FC37-4ABB-B9CC-822DAC13CC67}.Debug|x64.ActiveCfg = Debug|x64
		{56E885A9-FC37-4ABB-B9CC-822DAC13CC67}.Debug|x64.Build.0 = Debug|x64
		{56E885A9-FC37-4ABB-B9CC-822DAC13CC67}.DebugKopiLua|Any CPU.ActiveCfg = Release|x64
		{56E885A9-FC37-4ABB-B9CC-822DAC13CC67}.DebugKopiLua|Any CPU.Build.0 = Release|x64
		{56E885A9-FC37-4ABB-B9CC-822DAC13CC67}.DebugKopiLua|x64.ActiveCfg = Debug|x64
		{56E885A9-FC37-4ABB-B9CC-822DAC13CC67}.DebugKopiLua|x64.Build.0 = Debug|x64
		{56E885A9-FC37-4ABB-B9CC-822DAC13CC67}.Release|Any CPU.ActiveCfg = Release|x64
		{56E885A9-FC37-4ABB-B9CC-822DAC13CC67}.Release|x64.ActiveCfg = Release|x64
		{56E885A9-FC37-4ABB-B9CC-822DAC13CC67}.Release|x64.Build.0 = Release|x64
		{56E885A9-FC37-4ABB-B9CC-822DAC13CC67}.ReleaseKopiLua|Any CPU.ActiveCfg = Release|x64
		{56E885A9-FC37-4ABB-B9CC-822DAC13CC67}.ReleaseKopiLua|Any CPU.Build.0 = Release|x64
		{56E885A9-FC37-4ABB-B9CC-822DAC13CC67}.ReleaseKopiLua|x64.ActiveCfg = Release|x64
		{56E885A9-FC37-4ABB-B9CC-822DAC13CC67}.ReleaseKopiLua|x64.Build.0 = Release|x64
		{9CE7FFAA-C3AE-4688-930E-3C71A0CC2F7E}.Debug|Any CPU.ActiveCfg = Debug|Any CPU
		{9CE7FFAA-C3AE-4688-930E-3C71A0CC2F7E}.Debug|Any CPU.Build.0 = Debug|Any CPU
		{9CE7FFAA-C3AE-4688-930E-3C71A0CC2F7E}.Debug|x64.ActiveCfg = Debug|x64
		{9CE7FFAA-C3AE-4688-930E-3C71A0CC2F7E}.Debug|x64.Build.0 = Debug|x64
		{9CE7FFAA-C3AE-4688-930E-3C71A0CC2F7E}.DebugKopiLua|Any CPU.ActiveCfg = Release|x64
		{9CE7FFAA-C3AE-4688-930E-3C71A0CC2F7E}.DebugKopiLua|Any CPU.Build.0 = Release|x64
		{9CE7FFAA-C3AE-4688-930E-3C71A0CC2F7E}.DebugKopiLua|x64.ActiveCfg = Debug|x64
		{9CE7FFAA-C3AE-4688-930E-3C71A0CC2F7E}.DebugKopiLua|x64.Build.0 = Debug|x64
		{9CE7FFAA-C3AE-4688-930E-3C71A0CC2F7E}.Release|Any CPU.ActiveCfg = Release|x64
		{9CE7FFAA-C3AE-4688-930E-3C71A0CC2F7E}.Release|x64.ActiveCfg = Release|x64
		{9CE7FFAA-C3AE-4688-930E-3C71A0CC2F7E}.Release|x64.Build.0 = Release|x64
		{9CE7FFAA-C3AE-4688-930E-3C71A0CC2F7E}.ReleaseKopiLua|Any CPU.ActiveCfg = Release|x64
		{9CE7FFAA-C3AE-4688-930E-3C71A0CC2F7E}.ReleaseKopiLua|Any CPU.Build.0 = Release|x64
		{9CE7FFAA-C3AE-4688-930E-3C71A0CC2F7E}.ReleaseKopiLua|x64.ActiveCfg = Release|x64
		{9CE7FFAA-C3AE-4688-930E-3C71A0CC2F7E}.ReleaseKopiLua|x64.Build.0 = Release|x64
		{77FE4FF5-3B1C-42A5-B56F-4CAD91013410}.Debug|Any CPU.ActiveCfg = Debug|Any CPU
		{77FE4FF5-3B1C-42A5-B56F-4CAD91013410}.Debug|Any CPU.Build.0 = Debug|Any CPU
		{77FE4FF5-3B1C-42A5-B56F-4CAD91013410}.Debug|x64.ActiveCfg = Debug|x64
		{77FE4FF5-3B1C-42A5-B56F-4CAD91013410}.Debug|x64.Build.0 = Debug|x64
		{77FE4FF5-3B1C-42A5-B56F-4CAD91013410}.DebugKopiLua|Any CPU.ActiveCfg = Release|x64
		{77FE4FF5-3B1C-42A5-B56F-4CAD91013410}.DebugKopiLua|Any CPU.Build.0 = Release|x64
		{77FE4FF5-3B1C-42A5-B56F-4CAD91013410}.DebugKopiLua|x64.ActiveCfg = Debug|x64
		{77FE4FF5-3B1C-42A5-B56F-4CAD91013410}.DebugKopiLua|x64.Build.0 = Debug|x64
		{77FE4FF5-3B1C-42A5-B56F-4CAD91013410}.Release|Any CPU.ActiveCfg = Release|x64
		{77FE4FF5-3B1C-42A5-B56F-4CAD91013410}.Release|x64.ActiveCfg = Release|x64
		{77FE4FF5-3B1C-42A5-B56F-4CAD91013410}.Release|x64.Build.0 = Release|x64
		{77FE4FF5-3B1C-42A5-B56F-4CAD91013410}.ReleaseKopiLua|Any CPU.ActiveCfg = Release|x64
		{77FE4FF5-3B1C-42A5-B56F-4CAD91013410}.ReleaseKopiLua|Any CPU.Build.0 = Release|x64
		{77FE4FF5-3B1C-42A5-B56F-4CAD91013410}.ReleaseKopiLua|x64.ActiveCfg = Release|x64
		{77FE4FF5-3B1C-42A5-B56F-4CAD91013410}.ReleaseKopiLua|x64.Build.0 = Release|x64
	EndGlobalSection
	GlobalSection(SolutionProperties) = preSolution
		HideSolutionNode = FALSE
	EndGlobalSection
EndGlobal
